
Microsoft Visual Studio Solution File, Format Version 12.00
# Visual Studio Version 17
VisualStudioVersion = 17.11.35005.142
MinimumVisualStudioVersion = 10.0.40219.1
Project("{FAE04EC0-301F-11D3-BF4B-00C04F79EFBC}") = "MetalUnitTooltip", "MetalUnitTooltip\MetalUnitTooltip.csproj", "{43DBE958-3C10-4ED4-A58E-FD27FB655BAD}"
EndProject
Project("{FAE04EC0-301F-11D3-BF4B-00C04F79EFBC}") = "CakeBuild", "ZZCakeBuild\CakeBuild.csproj", "{68A187A3-C579-42A6-B084-6078AB873D11}"
EndProject
Global
	GlobalSection(SolutionConfigurationPlatforms) = preSolution
		Debug|Any CPU = Debug|Any CPU
		Release|Any CPU = Release|Any CPU
	EndGlobalSection
	GlobalSection(ProjectConfigurationPlatforms) = postSolution
		{43DBE958-3C10-4ED4-A58E-FD27FB655BAD}.Debug|Any CPU.ActiveCfg = Debug|Any CPU
		{43DBE958-3C10-4ED4-A58E-FD27FB655BAD}.Debug|Any CPU.Build.0 = Debug|Any CPU
		{43DBE958-3C10-4ED4-A58E-FD27FB655BAD}.Release|Any CPU.ActiveCfg = Release|Any CPU
		{43DBE958-3C10-4ED4-A58E-FD27FB655BAD}.Release|Any CPU.Build.0 = Release|Any CPU
		{68A187A3-C579-42A6-B084-6078AB873D11}.Debug|Any CPU.ActiveCfg = Debug|Any CPU
		{68A187A3-C579-42A6-B084-6078AB873D11}.Debug|Any CPU.Build.0 = Debug|Any CPU
		{68A187A3-C579-42A6-B084-6078AB873D11}.Release|Any CPU.ActiveCfg = Release|Any CPU
		{68A187A3-C579-42A6-B084-6078AB873D11}.Release|Any CPU.Build.0 = Release|Any CPU
	EndGlobalSection
	GlobalSection(SolutionProperties) = preSolution
		HideSolutionNode = FALSE
	EndGlobalSection
	GlobalSection(ExtensibilityGlobals) = postSolution
		SolutionGuid = {57BC1328-9E94-46E6-ACF1-6DEE3759654B}
	EndGlobalSection
EndGlobal
