
Microsoft Visual Studio Solution File, Format Version 12.00
# Visual Studio Version 17
VisualStudioVersion = 17.11.35005.142
MinimumVisualStudioVersion = 10.0.40219.1
Project("{9A19103F-16F7-4668-BE54-9A1E7A4F7556}") = "EasyProspect", "EasyProspect\EasyProspect.csproj", "{3BAAC3BB-2C34-4359-8A60-70387D7E6672}"
EndProject
Project("{9A19103F-16F7-4668-BE54-9A1E7A4F7556}") = "CakeBuild", "ZZCakeBuild\CakeBuild.csproj", "{D47E6B25-303A-491D-AFA6-F1445532728D}"
EndProject
Project("{2150E333-8FDC-42A3-9474-1A3956D46DE8}") = "Solution Items", "Solution Items", "{5657371E-FA03-4401-BF93-19F43ED101EC}"
	ProjectSection(SolutionItems) = preProject
		README.md = README.md
	EndProjectSection
EndProject
Global
	GlobalSection(SolutionConfigurationPlatforms) = preSolution
		Debug|Any CPU = Debug|Any CPU
		Release|Any CPU = Release|Any CPU
	EndGlobalSection
	GlobalSection(ProjectConfigurationPlatforms) = postSolution
		{3BAAC3BB-2C34-4359-8A60-70387D7E6672}.Debug|Any CPU.ActiveCfg = Debug|Any CPU
		{3BAAC3BB-2C34-4359-8A60-70387D7E6672}.Debug|Any CPU.Build.0 = Debug|Any CPU
		{3BAAC3BB-2C34-4359-8A60-70387D7E6672}.Release|Any CPU.ActiveCfg = Release|Any CPU
		{3BAAC3BB-2C34-4359-8A60-70387D7E6672}.Release|Any CPU.Build.0 = Release|Any CPU
		{D47E6B25-303A-491D-AFA6-F1445532728D}.Debug|Any CPU.ActiveCfg = Debug|Any CPU
		{D47E6B25-303A-491D-AFA6-F1445532728D}.Debug|Any CPU.Build.0 = Debug|Any CPU
		{D47E6B25-303A-491D-AFA6-F1445532728D}.Release|Any CPU.ActiveCfg = Release|Any CPU
		{D47E6B25-303A-491D-AFA6-F1445532728D}.Release|Any CPU.Build.0 = Release|Any CPU
	EndGlobalSection
	GlobalSection(SolutionProperties) = preSolution
		HideSolutionNode = FALSE
	EndGlobalSection
	GlobalSection(ExtensibilityGlobals) = postSolution
		SolutionGuid = {EB8BE915-8DAD-4EF4-A844-3BDCC4E33A8F}
	EndGlobalSection
EndGlobal
