
Microsoft Visual Studio Solution File, Format Version 12.00
# Visual Studio Version 17
VisualStudioVersion = 17.11.35005.142
MinimumVisualStudioVersion = 10.0.40219.1
Project("{FAE04EC0-301F-11D3-BF4B-00C04F79EFBC}") = "VersionChecker", "VersionChecker\VersionChecker.csproj", "{AFA745C1-A00C-4B73-849D-7A21888292A3}"
EndProject
Project("{FAE04EC0-301F-11D3-BF4B-00C04F79EFBC}") = "CakeBuild", "ZZCakeBuild\CakeBuild.csproj", "{E3732FBC-6D41-413C-BF5A-649C66F86EB1}"
EndProject
Global
	GlobalSection(SolutionConfigurationPlatforms) = preSolution
		Debug|Any CPU = Debug|Any CPU
		Release|Any CPU = Release|Any CPU
	EndGlobalSection
	GlobalSection(ProjectConfigurationPlatforms) = postSolution
		{AFA745C1-A00C-4B73-849D-7A21888292A3}.Debug|Any CPU.ActiveCfg = Debug|Any CPU
		{AFA745C1-A00C-4B73-849D-7A21888292A3}.Debug|Any CPU.Build.0 = Debug|Any CPU
		{AFA745C1-A00C-4B73-849D-7A21888292A3}.Release|Any CPU.ActiveCfg = Release|Any CPU
		{AFA745C1-A00C-4B73-849D-7A21888292A3}.Release|Any CPU.Build.0 = Release|Any CPU
		{E3732FBC-6D41-413C-BF5A-649C66F86EB1}.Debug|Any CPU.ActiveCfg = Debug|Any CPU
		{E3732FBC-6D41-413C-BF5A-649C66F86EB1}.Debug|Any CPU.Build.0 = Debug|Any CPU
		{E3732FBC-6D41-413C-BF5A-649C66F86EB1}.Release|Any CPU.ActiveCfg = Release|Any CPU
		{E3732FBC-6D41-413C-BF5A-649C66F86EB1}.Release|Any CPU.Build.0 = Release|Any CPU
	EndGlobalSection
	GlobalSection(SolutionProperties) = preSolution
		HideSolutionNode = FALSE
	EndGlobalSection
	GlobalSection(ExtensibilityGlobals) = postSolution
		SolutionGuid = {234964D7-8743-41B8-86E7-F16DB3BB7404}
	EndGlobalSection
EndGlobal
